// !$*UTF8*$!
{
	archiveVersion = 1;
	classes = {
	};
	objectVersion = 50;
	objects = {

/* Begin PBXBuildFile section */
		843CE158240989AF00898806 /* AppDelegate.m in Sources */ = {isa = PBXBuildFile; fileRef = 843CE157240989AF00898806 /* AppDelegate.m */; };
		843CE15B240989AF00898806 /* SceneDelegate.m in Sources */ = {isa = PBXBuildFile; fileRef = 843CE15A240989AF00898806 /* SceneDelegate.m */; };
		843CE15E240989AF00898806 /* ViewController.m in Sources */ = {isa = PBXBuildFile; fileRef = 843CE15D240989AF00898806 /* ViewController.m */; };
		843CE161240989AF00898806 /* Main.storyboard in Resources */ = {isa = PBXBuildFile; fileRef = 843CE15F240989AF00898806 /* Main.storyboard */; };
		843CE163240989B400898806 /* Assets.xcassets in Resources */ = {isa = PBXBuildFile; fileRef = 843CE162240989B400898806 /* Assets.xcassets */; };
		843CE166240989B400898806 /* LaunchScreen.storyboard in Resources */ = {isa = PBXBuildFile; fileRef = 843CE164240989B400898806 /* LaunchScreen.storyboard */; };
		843CE169240989B400898806 /* main.m in Sources */ = {isa = PBXBuildFile; fileRef = 843CE168240989B400898806 /* main.m */; };
		843CE2A0240CDBF600898806 /* VideoToolbox.framework in Frameworks */ = {isa = PBXBuildFile; fileRef = 843CE29F240CDBF600898806 /* VideoToolbox.framework */; };
		843CE2A2240CDBFE00898806 /* AVFoundation.framework in Frameworks */ = {isa = PBXBuildFile; fileRef = 843CE2A1240CDBFE00898806 /* AVFoundation.framework */; };
		843CE2A4240CDC0600898806 /* CoreMedia.framework in Frameworks */ = {isa = PBXBuildFile; fileRef = 843CE2A3240CDC0500898806 /* CoreMedia.framework */; };
		843CE2A9240CDD5E00898806 /* libiconv.tbd in Frameworks */ = {isa = PBXBuildFile; fileRef = 843CE2A8240CDD5E00898806 /* libiconv.tbd */; };
		843CE2AA240CDD6400898806 /* libbz2.tbd in Frameworks */ = {isa = PBXBuildFile; fileRef = 843CE2A6240CDC2C00898806 /* libbz2.tbd */; };
		843CE2AB240CDD6900898806 /* libz.tbd in Frameworks */ = {isa = PBXBuildFile; fileRef = 843CE2A5240CDC1E00898806 /* libz.tbd */; };
		843CE2AF240D0CF900898806 /* video.mov in Resources */ = {isa = PBXBuildFile; fileRef = 843CE2AE240D0CF900898806 /* video.mov */; };
		843CE2B1240D21A500898806 /* AudioToolbox.framework in Frameworks */ = {isa = PBXBuildFile; fileRef = 843CE2B0240D21A500898806 /* AudioToolbox.framework */; };
		D713788E255D31C900E68C41 /* libavutil.a in Frameworks */ = {isa = PBXBuildFile; fileRef = D7137887255D31C900E68C41 /* libavutil.a */; };
		D713788F255D31C900E68C41 /* libavfilter.a in Frameworks */ = {isa = PBXBuildFile; fileRef = D7137888255D31C900E68C41 /* libavfilter.a */; };
		D7137890255D31C900E68C41 /* libavcodec.a in Frameworks */ = {isa = PBXBuildFile; fileRef = D7137889255D31C900E68C41 /* libavcodec.a */; };
		D7137891255D31C900E68C41 /* libavformat.a in Frameworks */ = {isa = PBXBuildFile; fileRef = D713788A255D31C900E68C41 /* libavformat.a */; };
		D7137892255D31C900E68C41 /* libavdevice.a in Frameworks */ = {isa = PBXBuildFile; fileRef = D713788B255D31C900E68C41 /* libavdevice.a */; };
		D7137893255D31C900E68C41 /* libswresample.a in Frameworks */ = {isa = PBXBuildFile; fileRef = D713788C255D31C900E68C41 /* libswresample.a */; };
		D7137894255D31C900E68C41 /* libswscale.a in Frameworks */ = {isa = PBXBuildFile; fileRef = D713788D255D31C900E68C41 /* libswscale.a */; };
/* End PBXBuildFile section */

/* Begin PBXFileReference section */
		843CE153240989AF00898806 /* AudioConverter.app */ = {isa = PBXFileReference; explicitFileType = wrapper.application; includeInIndex = 0; path = AudioConverter.app; sourceTree = BUILT_PRODUCTS_DIR; };
		843CE156240989AF00898806 /* AppDelegate.h */ = {isa = PBXFileReference; lastKnownFileType = sourcecode.c.h; path = AppDelegate.h; sourceTree = "<group>"; };
		843CE157240989AF00898806 /* AppDelegate.m */ = {isa = PBXFileReference; lastKnownFileType = sourcecode.c.objc; path = AppDelegate.m; sourceTree = "<group>"; };
		843CE159240989AF00898806 /* SceneDelegate.h */ = {isa = PBXFileReference; lastKnownFileType = sourcecode.c.h; path = SceneDelegate.h; sourceTree = "<group>"; };
		843CE15A240989AF00898806 /* SceneDelegate.m */ = {isa = PBXFileReference; lastKnownFileType = sourcecode.c.objc; path = SceneDelegate.m; sourceTree = "<group>"; };
		843CE15C240989AF00898806 /* ViewController.h */ = {isa = PBXFileReference; lastKnownFileType = sourcecode.c.h; path = ViewController.h; sourceTree = "<group>"; };
		843CE15D240989AF00898806 /* ViewController.m */ = {isa = PBXFileReference; lastKnownFileType = sourcecode.c.objc; path = ViewController.m; sourceTree = "<group>"; };
		843CE160240989AF00898806 /* Base */ = {isa = PBXFileReference; lastKnownFileType = file.storyboard; name = Base; path = Base.lproj/Main.storyboard; sourceTree = "<group>"; };
		843CE162240989B400898806 /* Assets.xcassets */ = {isa = PBXFileReference; lastKnownFileType = folder.assetcatalog; path = Assets.xcassets; sourceTree = "<group>"; };
		843CE165240989B400898806 /* Base */ = {isa = PBXFileReference; lastKnownFileType = file.storyboard; name = Base; path = Base.lproj/LaunchScreen.storyboard; sourceTree = "<group>"; };
		843CE167240989B400898806 /* Info.plist */ = {isa = PBXFileReference; lastKnownFileType = text.plist.xml; path = Info.plist; sourceTree = "<group>"; };
		843CE168240989B400898806 /* main.m */ = {isa = PBXFileReference; lastKnownFileType = sourcecode.c.objc; path = main.m; sourceTree = "<group>"; };
		843CE29F240CDBF600898806 /* VideoToolbox.framework */ = {isa = PBXFileReference; lastKnownFileType = wrapper.framework; name = VideoToolbox.framework; path = System/Library/Frameworks/VideoToolbox.framework; sourceTree = SDKROOT; };
		843CE2A1240CDBFE00898806 /* AVFoundation.framework */ = {isa = PBXFileReference; lastKnownFileType = wrapper.framework; name = AVFoundation.framework; path = System/Library/Frameworks/AVFoundation.framework; sourceTree = SDKROOT; };
		843CE2A3240CDC0500898806 /* CoreMedia.framework */ = {isa = PBXFileReference; lastKnownFileType = wrapper.framework; name = CoreMedia.framework; path = System/Library/Frameworks/CoreMedia.framework; sourceTree = SDKROOT; };
		843CE2A5240CDC1E00898806 /* libz.tbd */ = {isa = PBXFileReference; lastKnownFileType = "sourcecode.text-based-dylib-definition"; name = libz.tbd; path = usr/lib/libz.tbd; sourceTree = SDKROOT; };
		843CE2A6240CDC2C00898806 /* libbz2.tbd */ = {isa = PBXFileReference; lastKnownFileType = "sourcecode.text-based-dylib-definition"; name = libbz2.tbd; path = usr/lib/libbz2.tbd; sourceTree = SDKROOT; };
		843CE2A8240CDD5E00898806 /* libiconv.tbd */ = {isa = PBXFileReference; lastKnownFileType = "sourcecode.text-based-dylib-definition"; name = libiconv.tbd; path = usr/lib/libiconv.tbd; sourceTree = SDKROOT; };
		843CE2AE240D0CF900898806 /* video.mov */ = {isa = PBXFileReference; lastKnownFileType = video.quicktime; path = video.mov; sourceTree = "<group>"; };
		843CE2B0240D21A500898806 /* AudioToolbox.framework */ = {isa = PBXFileReference; lastKnownFileType = wrapper.framework; name = AudioToolbox.framework; path = System/Library/Frameworks/AudioToolbox.framework; sourceTree = SDKROOT; };
		D713780F255D31C900E68C41 /* version.h */ = {isa = PBXFileReference; fileEncoding = 4; lastKnownFileType = sourcecode.c.h; path = version.h; sourceTree = "<group>"; };
		D7137810255D31C900E68C41 /* buffersrc.h */ = {isa = PBXFileReference; fileEncoding = 4; lastKnownFileType = sourcecode.c.h; path = buffersrc.h; sourceTree = "<group>"; };
		D7137811255D31C900E68C41 /* buffersink.h */ = {isa = PBXFileReference; fileEncoding = 4; lastKnownFileType = sourcecode.c.h; path = buffersink.h; sourceTree = "<group>"; };
		D7137812255D31C900E68C41 /* avfilter.h */ = {isa = PBXFileReference; fileEncoding = 4; lastKnownFileType = sourcecode.c.h; path = avfilter.h; sourceTree = "<group>"; };
		D7137814255D31C900E68C41 /* hwcontext.h */ = {isa = PBXFileReference; fileEncoding = 4; lastKnownFileType = sourcecode.c.h; path = hwcontext.h; sourceTree = "<group>"; };
		D7137815255D31C900E68C41 /* time.h */ = {isa = PBXFileReference; fileEncoding = 4; lastKnownFileType = sourcecode.c.h; path = time.h; sourceTree = "<group>"; };
		D7137816255D31C900E68C41 /* hwcontext_cuda.h */ = {isa = PBXFileReference; fileEncoding = 4; lastKnownFileType = sourcecode.c.h; path = hwcontext_cuda.h; sourceTree = "<group>"; };
		D7137817255D31C900E68C41 /* intfloat.h */ = {isa = PBXFileReference; fileEncoding = 4; lastKnownFileType = sourcecode.c.h; path = intfloat.h; sourceTree = "<group>"; };
		D7137818255D31C900E68C41 /* error.h */ = {isa = PBXFileReference; fileEncoding = 4; lastKnownFileType = sourcecode.c.h; path = error.h; sourceTree = "<group>"; };
		D7137819255D31C900E68C41 /* fifo.h */ = {isa = PBXFileReference; fileEncoding = 4; lastKnownFileType = sourcecode.c.h; path = fifo.h; sourceTree = "<group>"; };
		D713781A255D31C900E68C41 /* blowfish.h */ = {isa = PBXFileReference; fileEncoding = 4; lastKnownFileType = sourcecode.c.h; path = blowfish.h; sourceTree = "<group>"; };
		D713781B255D31C900E68C41 /* hwcontext_mediacodec.h */ = {isa = PBXFileReference; fileEncoding = 4; lastKnownFileType = sourcecode.c.h; path = hwcontext_mediacodec.h; sourceTree = "<group>"; };
		D713781C255D31C900E68C41 /* replaygain.h */ = {isa = PBXFileReference; fileEncoding = 4; lastKnownFileType = sourcecode.c.h; path = replaygain.h; sourceTree = "<group>"; };
		D713781D255D31C900E68C41 /* version.h */ = {isa = PBXFileReference; fileEncoding = 4; lastKnownFileType = sourcecode.c.h; path = version.h; sourceTree = "<group>"; };
		D713781E255D31C900E68C41 /* murmur3.h */ = {isa = PBXFileReference; fileEncoding = 4; lastKnownFileType = sourcecode.c.h; path = murmur3.h; sourceTree = "<group>"; };
		D713781F255D31C900E68C41 /* stereo3d.h */ = {isa = PBXFileReference; fileEncoding = 4; lastKnownFileType = sourcecode.c.h; path = stereo3d.h; sourceTree = "<group>"; };
		D7137820255D31C900E68C41 /* samplefmt.h */ = {isa = PBXFileReference; fileEncoding = 4; lastKnownFileType = sourcecode.c.h; path = samplefmt.h; sourceTree = "<group>"; };
		D7137821255D31C900E68C41 /* pixdesc.h */ = {isa = PBXFileReference; fileEncoding = 4; lastKnownFileType = sourcecode.c.h; path = pixdesc.h; sourceTree = "<group>"; };
		D7137822255D31C900E68C41 /* base64.h */ = {isa = PBXFileReference; fileEncoding = 4; lastKnownFileType = sourcecode.c.h; path = base64.h; sourceTree = "<group>"; };
		D7137823255D31C900E68C41 /* rational.h */ = {isa = PBXFileReference; fileEncoding = 4; lastKnownFileType = sourcecode.c.h; path = rational.h; sourceTree = "<group>"; };
		D7137824255D31C900E68C41 /* sha.h */ = {isa = PBXFileReference; fileEncoding = 4; lastKnownFileType = sourcecode.c.h; path = sha.h; sourceTree = "<group>"; };
		D7137825255D31C900E68C41 /* motion_vector.h */ = {isa = PBXFileReference; fileEncoding = 4; lastKnownFileType = sourcecode.c.h; path = motion_vector.h; sourceTree = "<group>"; };
		D7137826255D31C900E68C41 /* avconfig.h */ = {isa = PBXFileReference; fileEncoding = 4; lastKnownFileType = sourcecode.c.h; path = avconfig.h; sourceTree = "<group>"; };
		D7137827255D31C900E68C41 /* lfg.h */ = {isa = PBXFileReference; fileEncoding = 4; lastKnownFileType = sourcecode.c.h; path = lfg.h; sourceTree = "<group>"; };
		D7137828255D31C900E68C41 /* avutil.h */ = {isa = PBXFileReference; fileEncoding = 4; lastKnownFileType = sourcecode.c.h; path = avutil.h; sourceTree = "<group>"; };
		D7137829255D31C900E68C41 /* xtea.h */ = {isa = PBXFileReference; fileEncoding = 4; lastKnownFileType = sourcecode.c.h; path = xtea.h; sourceTree = "<group>"; };
		D713782A255D31C900E68C41 /* crc.h */ = {isa = PBXFileReference; fileEncoding = 4; lastKnownFileType = sourcecode.c.h; path = crc.h; sourceTree = "<group>"; };
		D713782B255D31C900E68C41 /* hwcontext_vdpau.h */ = {isa = PBXFileReference; fileEncoding = 4; lastKnownFileType = sourcecode.c.h; path = hwcontext_vdpau.h; sourceTree = "<group>"; };
		D713782C255D31C900E68C41 /* frame.h */ = {isa = PBXFileReference; fileEncoding = 4; lastKnownFileType = sourcecode.c.h; path = frame.h; sourceTree = "<group>"; };
		D713782D255D31C900E68C41 /* file.h */ = {isa = PBXFileReference; fileEncoding = 4; lastKnownFileType = sourcecode.c.h; path = file.h; sourceTree = "<group>"; };
		D713782E255D31C900E68C41 /* md5.h */ = {isa = PBXFileReference; fileEncoding = 4; lastKnownFileType = sourcecode.c.h; path = md5.h; sourceTree = "<group>"; };
		D713782F255D31C900E68C41 /* cast5.h */ = {isa = PBXFileReference; fileEncoding = 4; lastKnownFileType = sourcecode.c.h; path = cast5.h; sourceTree = "<group>"; };
		D7137830255D31C900E68C41 /* hwcontext_vaapi.h */ = {isa = PBXFileReference; fileEncoding = 4; lastKnownFileType = sourcecode.c.h; path = hwcontext_vaapi.h; sourceTree = "<group>"; };
		D7137831255D31C900E68C41 /* spherical.h */ = {isa = PBXFileReference; fileEncoding = 4; lastKnownFileType = sourcecode.c.h; path = spherical.h; sourceTree = "<group>"; };
		D7137832255D31C900E68C41 /* ffversion.h */ = {isa = PBXFileReference; fileEncoding = 4; lastKnownFileType = sourcecode.c.h; path = ffversion.h; sourceTree = "<group>"; };
		D7137833255D31C900E68C41 /* audio_fifo.h */ = {isa = PBXFileReference; fileEncoding = 4; lastKnownFileType = sourcecode.c.h; path = audio_fifo.h; sourceTree = "<group>"; };
		D7137834255D31C900E68C41 /* tree.h */ = {isa = PBXFileReference; fileEncoding = 4; lastKnownFileType = sourcecode.c.h; path = tree.h; sourceTree = "<group>"; };
		D7137835255D31C900E68C41 /* threadmessage.h */ = {isa = PBXFileReference; fileEncoding = 4; lastKnownFileType = sourcecode.c.h; path = threadmessage.h; sourceTree = "<group>"; };
		D7137836255D31C900E68C41 /* attributes.h */ = {isa = PBXFileReference; fileEncoding = 4; lastKnownFileType = sourcecode.c.h; path = attributes.h; sourceTree = "<group>"; };
		D7137837255D31C900E68C41 /* adler32.h */ = {isa = PBXFileReference; fileEncoding = 4; lastKnownFileType = sourcecode.c.h; path = adler32.h; sourceTree = "<group>"; };
		D7137838255D31C900E68C41 /* hwcontext_d3d11va.h */ = {isa = PBXFileReference; fileEncoding = 4; lastKnownFileType = sourcecode.c.h; path = hwcontext_d3d11va.h; sourceTree = "<group>"; };
		D7137839255D31C900E68C41 /* timecode.h */ = {isa = PBXFileReference; fileEncoding = 4; lastKnownFileType = sourcecode.c.h; path = timecode.h; sourceTree = "<group>"; };
		D713783A255D31C900E68C41 /* tx.h */ = {isa = PBXFileReference; fileEncoding = 4; lastKnownFileType = sourcecode.c.h; path = tx.h; sourceTree = "<group>"; };
		D713783B255D31C900E68C41 /* sha512.h */ = {isa = PBXFileReference; fileEncoding = 4; lastKnownFileType = sourcecode.c.h; path = sha512.h; sourceTree = "<group>"; };
		D713783C255D31C900E68C41 /* hwcontext_dxva2.h */ = {isa = PBXFileReference; fileEncoding = 4; lastKnownFileType = sourcecode.c.h; path = hwcontext_dxva2.h; sourceTree = "<group>"; };
		D713783D255D31C900E68C41 /* display.h */ = {isa = PBXFileReference; fileEncoding = 4; lastKnownFileType = sourcecode.c.h; path = display.h; sourceTree = "<group>"; };
		D713783E255D31C900E68C41 /* buffer.h */ = {isa = PBXFileReference; fileEncoding = 4; lastKnownFileType = sourcecode.c.h; path = buffer.h; sourceTree = "<group>"; };
		D713783F255D31C900E68C41 /* camellia.h */ = {isa = PBXFileReference; fileEncoding = 4; lastKnownFileType = sourcecode.c.h; path = camellia.h; sourceTree = "<group>"; };
		D7137840255D31C900E68C41 /* pixelutils.h */ = {isa = PBXFileReference; fileEncoding = 4; lastKnownFileType = sourcecode.c.h; path = pixelutils.h; sourceTree = "<group>"; };
		D7137841255D31C900E68C41 /* hwcontext_drm.h */ = {isa = PBXFileReference; fileEncoding = 4; lastKnownFileType = sourcecode.c.h; path = hwcontext_drm.h; sourceTree = "<group>"; };
		D7137842255D31C900E68C41 /* common.h */ = {isa = PBXFileReference; fileEncoding = 4; lastKnownFileType = sourcecode.c.h; path = common.h; sourceTree = "<group>"; };
		D7137843255D31C900E68C41 /* hmac.h */ = {isa = PBXFileReference; fileEncoding = 4; lastKnownFileType = sourcecode.c.h; path = hmac.h; sourceTree = "<group>"; };
		D7137844255D31C900E68C41 /* eval.h */ = {isa = PBXFileReference; fileEncoding = 4; lastKnownFileType = sourcecode.c.h; path = eval.h; sourceTree = "<group>"; };
		D7137845255D31C900E68C41 /* dict.h */ = {isa = PBXFileReference; fileEncoding = 4; lastKnownFileType = sourcecode.c.h; path = dict.h; sourceTree = "<group>"; };
		D7137846255D31C900E68C41 /* random_seed.h */ = {isa = PBXFileReference; fileEncoding = 4; lastKnownFileType = sourcecode.c.h; path = random_seed.h; sourceTree = "<group>"; };
		D7137847255D31C900E68C41 /* opt.h */ = {isa = PBXFileReference; fileEncoding = 4; lastKnownFileType = sourcecode.c.h; path = opt.h; sourceTree = "<group>"; };
		D7137848255D31C900E68C41 /* mastering_display_metadata.h */ = {isa = PBXFileReference; fileEncoding = 4; lastKnownFileType = sourcecode.c.h; path = mastering_display_metadata.h; sourceTree = "<group>"; };
		D7137849255D31C900E68C41 /* log.h */ = {isa = PBXFileReference; fileEncoding = 4; lastKnownFileType = sourcecode.c.h; path = log.h; sourceTree = "<group>"; };
		D713784A255D31C900E68C41 /* aes.h */ = {isa = PBXFileReference; fileEncoding = 4; lastKnownFileType = sourcecode.c.h; path = aes.h; sourceTree = "<group>"; };
		D713784B255D31C900E68C41 /* macros.h */ = {isa = PBXFileReference; fileEncoding = 4; lastKnownFileType = sourcecode.c.h; path = macros.h; sourceTree = "<group>"; };
		D713784C255D31C900E68C41 /* bswap.h */ = {isa = PBXFileReference; fileEncoding = 4; lastKnownFileType = sourcecode.c.h; path = bswap.h; sourceTree = "<group>"; };
		D713784D255D31C900E68C41 /* rc4.h */ = {isa = PBXFileReference; fileEncoding = 4; lastKnownFileType = sourcecode.c.h; path = rc4.h; sourceTree = "<group>"; };
		D713784E255D31C900E68C41 /* tea.h */ = {isa = PBXFileReference; fileEncoding = 4; lastKnownFileType = sourcecode.c.h; path = tea.h; sourceTree = "<group>"; };
		D713784F255D31C900E68C41 /* cpu.h */ = {isa = PBXFileReference; fileEncoding = 4; lastKnownFileType = sourcecode.c.h; path = cpu.h; sourceTree = "<group>"; };
		D7137850255D31C900E68C41 /* lzo.h */ = {isa = PBXFileReference; fileEncoding = 4; lastKnownFileType = sourcecode.c.h; path = lzo.h; sourceTree = "<group>"; };
		D7137851255D31C900E68C41 /* des.h */ = {isa = PBXFileReference; fileEncoding = 4; lastKnownFileType = sourcecode.c.h; path = des.h; sourceTree = "<group>"; };
		D7137852255D31C900E68C41 /* channel_layout.h */ = {isa = PBXFileReference; fileEncoding = 4; lastKnownFileType = sourcecode.c.h; path = channel_layout.h; sourceTree = "<group>"; };
		D7137853255D31C900E68C41 /* encryption_info.h */ = {isa = PBXFileReference; fileEncoding = 4; lastKnownFileType = sourcecode.c.h; path = encryption_info.h; sourceTree = "<group>"; };
		D7137854255D31C900E68C41 /* twofish.h */ = {isa = PBXFileReference; fileEncoding = 4; lastKnownFileType = sourcecode.c.h; path = twofish.h; sourceTree = "<group>"; };
		D7137855255D31C900E68C41 /* imgutils.h */ = {isa = PBXFileReference; fileEncoding = 4; lastKnownFileType = sourcecode.c.h; path = imgutils.h; sourceTree = "<group>"; };
		D7137856255D31C900E68C41 /* hwcontext_videotoolbox.h */ = {isa = PBXFileReference; fileEncoding = 4; lastKnownFileType = sourcecode.c.h; path = hwcontext_videotoolbox.h; sourceTree = "<group>"; };
		D7137857255D31C900E68C41 /* mem.h */ = {isa = PBXFileReference; fileEncoding = 4; lastKnownFileType = sourcecode.c.h; path = mem.h; sourceTree = "<group>"; };
		D7137858255D31C900E68C41 /* parseutils.h */ = {isa = PBXFileReference; fileEncoding = 4; lastKnownFileType = sourcecode.c.h; path = parseutils.h; sourceTree = "<group>"; };
		D7137859255D31C900E68C41 /* ripemd.h */ = {isa = PBXFileReference; fileEncoding = 4; lastKnownFileType = sourcecode.c.h; path = ripemd.h; sourceTree = "<group>"; };
		D713785A255D31C900E68C41 /* bprint.h */ = {isa = PBXFileReference; fileEncoding = 4; lastKnownFileType = sourcecode.c.h; path = bprint.h; sourceTree = "<group>"; };
		D713785B255D31C900E68C41 /* hdr_dynamic_metadata.h */ = {isa = PBXFileReference; fileEncoding = 4; lastKnownFileType = sourcecode.c.h; path = hdr_dynamic_metadata.h; sourceTree = "<group>"; };
		D713785C255D31C900E68C41 /* hwcontext_qsv.h */ = {isa = PBXFileReference; fileEncoding = 4; lastKnownFileType = sourcecode.c.h; path = hwcontext_qsv.h; sourceTree = "<group>"; };
		D713785D255D31C900E68C41 /* pixfmt.h */ = {isa = PBXFileReference; fileEncoding = 4; lastKnownFileType = sourcecode.c.h; path = pixfmt.h; sourceTree = "<group>"; };
		D713785E255D31C900E68C41 /* aes_ctr.h */ = {isa = PBXFileReference; fileEncoding = 4; lastKnownFileType = sourcecode.c.h; path = aes_ctr.h; sourceTree = "<group>"; };
		D713785F255D31C900E68C41 /* timestamp.h */ = {isa = PBXFileReference; fileEncoding = 4; lastKnownFileType = sourcecode.c.h; path = timestamp.h; sourceTree = "<group>"; };
		D7137860255D31C900E68C41 /* downmix_info.h */ = {isa = PBXFileReference; fileEncoding = 4; lastKnownFileType = sourcecode.c.h; path = downmix_info.h; sourceTree = "<group>"; };
		D7137861255D31C900E68C41 /* avassert.h */ = {isa = PBXFileReference; fileEncoding = 4; lastKnownFileType = sourcecode.c.h; path = avassert.h; sourceTree = "<group>"; };
		D7137862255D31C900E68C41 /* hash.h */ = {isa = PBXFileReference; fileEncoding = 4; lastKnownFileType = sourcecode.c.h; path = hash.h; sourceTree = "<group>"; };
		D7137863255D31C900E68C41 /* mathematics.h */ = {isa = PBXFileReference; fileEncoding = 4; lastKnownFileType = sourcecode.c.h; path = mathematics.h; sourceTree = "<group>"; };
		D7137864255D31C900E68C41 /* intreadwrite.h */ = {isa = PBXFileReference; fileEncoding = 4; lastKnownFileType = sourcecode.c.h; path = intreadwrite.h; sourceTree = "<group>"; };
		D7137865255D31C900E68C41 /* avstring.h */ = {isa = PBXFileReference; fileEncoding = 4; lastKnownFileType = sourcecode.c.h; path = avstring.h; sourceTree = "<group>"; };
		D7137867255D31C900E68C41 /* version.h */ = {isa = PBXFileReference; fileEncoding = 4; lastKnownFileType = sourcecode.c.h; path = version.h; sourceTree = "<group>"; };
		D7137868255D31C900E68C41 /* avdevice.h */ = {isa = PBXFileReference; fileEncoding = 4; lastKnownFileType = sourcecode.c.h; path = avdevice.h; sourceTree = "<group>"; };
		D713786A255D31C900E68C41 /* version.h */ = {isa = PBXFileReference; fileEncoding = 4; lastKnownFileType = sourcecode.c.h; path = version.h; sourceTree = "<group>"; };
		D713786B255D31C900E68C41 /* avio.h */ = {isa = PBXFileReference; fileEncoding = 4; lastKnownFileType = sourcecode.c.h; path = avio.h; sourceTree = "<group>"; };
		D713786C255D31C900E68C41 /* avformat.h */ = {isa = PBXFileReference; fileEncoding = 4; lastKnownFileType = sourcecode.c.h; path = avformat.h; sourceTree = "<group>"; };
		D713786E255D31C900E68C41 /* version.h */ = {isa = PBXFileReference; fileEncoding = 4; lastKnownFileType = sourcecode.c.h; path = version.h; sourceTree = "<group>"; };
		D713786F255D31C900E68C41 /* swscale.h */ = {isa = PBXFileReference; fileEncoding = 4; lastKnownFileType = sourcecode.c.h; path = swscale.h; sourceTree = "<group>"; };
		D7137871255D31C900E68C41 /* adts_parser.h */ = {isa = PBXFileReference; fileEncoding = 4; lastKnownFileType = sourcecode.c.h; path = adts_parser.h; sourceTree = "<group>"; };
		D7137872255D31C900E68C41 /* avcodec.h */ = {isa = PBXFileReference; fileEncoding = 4; lastKnownFileType = sourcecode.c.h; path = avcodec.h; sourceTree = "<group>"; };
		D7137873255D31C900E68C41 /* version.h */ = {isa = PBXFileReference; fileEncoding = 4; lastKnownFileType = sourcecode.c.h; path = version.h; sourceTree = "<group>"; };
		D7137874255D31C900E68C41 /* vdpau.h */ = {isa = PBXFileReference; fileEncoding = 4; lastKnownFileType = sourcecode.c.h; path = vdpau.h; sourceTree = "<group>"; };
		D7137875255D31C900E68C41 /* qsv.h */ = {isa = PBXFileReference; fileEncoding = 4; lastKnownFileType = sourcecode.c.h; path = qsv.h; sourceTree = "<group>"; };
		D7137876255D31C900E68C41 /* vaapi.h */ = {isa = PBXFileReference; fileEncoding = 4; lastKnownFileType = sourcecode.c.h; path = vaapi.h; sourceTree = "<group>"; };
		D7137877255D31C900E68C41 /* videotoolbox.h */ = {isa = PBXFileReference; fileEncoding = 4; lastKnownFileType = sourcecode.c.h; path = videotoolbox.h; sourceTree = "<group>"; };
		D7137878255D31C900E68C41 /* xvmc.h */ = {isa = PBXFileReference; fileEncoding = 4; lastKnownFileType = sourcecode.c.h; path = xvmc.h; sourceTree = "<group>"; };
		D7137879255D31C900E68C41 /* mediacodec.h */ = {isa = PBXFileReference; fileEncoding = 4; lastKnownFileType = sourcecode.c.h; path = mediacodec.h; sourceTree = "<group>"; };
		D713787A255D31C900E68C41 /* d3d11va.h */ = {isa = PBXFileReference; fileEncoding = 4; lastKnownFileType = sourcecode.c.h; path = d3d11va.h; sourceTree = "<group>"; };
		D713787B255D31C900E68C41 /* avfft.h */ = {isa = PBXFileReference; fileEncoding = 4; lastKnownFileType = sourcecode.c.h; path = avfft.h; sourceTree = "<group>"; };
		D713787C255D31C900E68C41 /* jni.h */ = {isa = PBXFileReference; fileEncoding = 4; lastKnownFileType = sourcecode.c.h; path = jni.h; sourceTree = "<group>"; };
		D713787D255D31C900E68C41 /* dirac.h */ = {isa = PBXFileReference; fileEncoding = 4; lastKnownFileType = sourcecode.c.h; path = dirac.h; sourceTree = "<group>"; };
		D713787E255D31C900E68C41 /* avdct.h */ = {isa = PBXFileReference; fileEncoding = 4; lastKnownFileType = sourcecode.c.h; path = avdct.h; sourceTree = "<group>"; };
		D713787F255D31C900E68C41 /* ac3_parser.h */ = {isa = PBXFileReference; fileEncoding = 4; lastKnownFileType = sourcecode.c.h; path = ac3_parser.h; sourceTree = "<group>"; };
		D7137880255D31C900E68C41 /* vorbis_parser.h */ = {isa = PBXFileReference; fileEncoding = 4; lastKnownFileType = sourcecode.c.h; path = vorbis_parser.h; sourceTree = "<group>"; };
		D7137881255D31C900E68C41 /* dxva2.h */ = {isa = PBXFileReference; fileEncoding = 4; lastKnownFileType = sourcecode.c.h; path = dxva2.h; sourceTree = "<group>"; };
		D7137882255D31C900E68C41 /* dv_profile.h */ = {isa = PBXFileReference; fileEncoding = 4; lastKnownFileType = sourcecode.c.h; path = dv_profile.h; sourceTree = "<group>"; };
		D7137884255D31C900E68C41 /* version.h */ = {isa = PBXFileReference; fileEncoding = 4; lastKnownFileType = sourcecode.c.h; path = version.h; sourceTree = "<group>"; };
		D7137885255D31C900E68C41 /* swresample.h */ = {isa = PBXFileReference; fileEncoding = 4; lastKnownFileType = sourcecode.c.h; path = swresample.h; sourceTree = "<group>"; };
		D7137887255D31C900E68C41 /* libavutil.a */ = {isa = PBXFileReference; lastKnownFileType = archive.ar; path = libavutil.a; sourceTree = "<group>"; };
		D7137888255D31C900E68C41 /* libavfilter.a */ = {isa = PBXFileReference; lastKnownFileType = archive.ar; path = libavfilter.a; sourceTree = "<group>"; };
		D7137889255D31C900E68C41 /* libavcodec.a */ = {isa = PBXFileReference; lastKnownFileType = archive.ar; path = libavcodec.a; sourceTree = "<group>"; };
		D713788A255D31C900E68C41 /* libavformat.a */ = {isa = PBXFileReference; lastKnownFileType = archive.ar; path = libavformat.a; sourceTree = "<group>"; };
		D713788B255D31C900E68C41 /* libavdevice.a */ = {isa = PBXFileReference; lastKnownFileType = archive.ar; path = libavdevice.a; sourceTree = "<group>"; };
		D713788C255D31C900E68C41 /* libswresample.a */ = {isa = PBXFileReference; lastKnownFileType = archive.ar; path = libswresample.a; sourceTree = "<group>"; };
		D713788D255D31C900E68C41 /* libswscale.a */ = {isa = PBXFileReference; lastKnownFileType = archive.ar; path = libswscale.a; sourceTree = "<group>"; };
/* End PBXFileReference section */

/* Begin PBXFrameworksBuildPhase section */
		843CE150240989AF00898806 /* Frameworks */ = {
			isa = PBXFrameworksBuildPhase;
			buildActionMask = 2147483647;
			files = (
				D7137893255D31C900E68C41 /* libswresample.a in Frameworks */,
				D713788F255D31C900E68C41 /* libavfilter.a in Frameworks */,
				843CE2AB240CDD6900898806 /* libz.tbd in Frameworks */,
				D7137891255D31C900E68C41 /* libavformat.a in Frameworks */,
				843CE2AA240CDD6400898806 /* libbz2.tbd in Frameworks */,
				843CE2A9240CDD5E00898806 /* libiconv.tbd in Frameworks */,
				843CE2A0240CDBF600898806 /* VideoToolbox.framework in Frameworks */,
				843CE2A2240CDBFE00898806 /* AVFoundation.framework in Frameworks */,
				D7137894255D31C900E68C41 /* libswscale.a in Frameworks */,
				843CE2A4240CDC0600898806 /* CoreMedia.framework in Frameworks */,
				D7137890255D31C900E68C41 /* libavcodec.a in Frameworks */,
				D713788E255D31C900E68C41 /* libavutil.a in Frameworks */,
				D7137892255D31C900E68C41 /* libavdevice.a in Frameworks */,
				843CE2B1240D21A500898806 /* AudioToolbox.framework in Frameworks */,
			);
			runOnlyForDeploymentPostprocessing = 0;
		};
/* End PBXFrameworksBuildPhase section */

/* Begin PBXGroup section */
		843CE14A240989AF00898806 = {
			isa = PBXGroup;
			children = (
				843CE2AE240D0CF900898806 /* video.mov */,
				843CE155240989AF00898806 /* AudioConverter */,
				843CE154240989AF00898806 /* Products */,
				843CE29E240CDBF600898806 /* Frameworks */,
			);
			sourceTree = "<group>";
		};
		843CE154240989AF00898806 /* Products */ = {
			isa = PBXGroup;
			children = (
				843CE153240989AF00898806 /* AudioConverter.app */,
			);
			name = Products;
			sourceTree = "<group>";
		};
		843CE155240989AF00898806 /* AudioConverter */ = {
			isa = PBXGroup;
			children = (
				D713780C255D31C900E68C41 /* FFmpeg-iOS */,
				843CE156240989AF00898806 /* AppDelegate.h */,
				843CE157240989AF00898806 /* AppDelegate.m */,
				843CE159240989AF00898806 /* SceneDelegate.h */,
				843CE15A240989AF00898806 /* SceneDelegate.m */,
				843CE15C240989AF00898806 /* ViewController.h */,
				843CE15D240989AF00898806 /* ViewController.m */,
				843CE15F240989AF00898806 /* Main.storyboard */,
				843CE162240989B400898806 /* Assets.xcassets */,
				843CE164240989B400898806 /* LaunchScreen.storyboard */,
				843CE167240989B400898806 /* Info.plist */,
				843CE168240989B400898806 /* main.m */,
			);
			path = AudioConverter;
			sourceTree = "<group>";
		};
		843CE29E240CDBF600898806 /* Frameworks */ = {
			isa = PBXGroup;
			children = (
				843CE2B0240D21A500898806 /* AudioToolbox.framework */,
				843CE2A8240CDD5E00898806 /* libiconv.tbd */,
				843CE2A6240CDC2C00898806 /* libbz2.tbd */,
				843CE2A5240CDC1E00898806 /* libz.tbd */,
				843CE2A3240CDC0500898806 /* CoreMedia.framework */,
				843CE2A1240CDBFE00898806 /* AVFoundation.framework */,
				843CE29F240CDBF600898806 /* VideoToolbox.framework */,
			);
			name = Frameworks;
			sourceTree = "<group>";
		};
		D713780C255D31C900E68C41 /* FFmpeg-iOS */ = {
			isa = PBXGroup;
			children = (
				D713780D255D31C900E68C41 /* include */,
				D7137886255D31C900E68C41 /* lib */,
			);
			path = "FFmpeg-iOS";
			sourceTree = "<group>";
		};
		D713780D255D31C900E68C41 /* include */ = {
			isa = PBXGroup;
			children = (
				D713780E255D31C900E68C41 /* libavfilter */,
				D7137813255D31C900E68C41 /* libavutil */,
				D7137866255D31C900E68C41 /* libavdevice */,
				D7137869255D31C900E68C41 /* libavformat */,
				D713786D255D31C900E68C41 /* libswscale */,
				D7137870255D31C900E68C41 /* libavcodec */,
				D7137883255D31C900E68C41 /* libswresample */,
			);
			path = include;
			sourceTree = "<group>";
		};
		D713780E255D31C900E68C41 /* libavfilter */ = {
			isa = PBXGroup;
			children = (
				D713780F255D31C900E68C41 /* version.h */,
				D7137810255D31C900E68C41 /* buffersrc.h */,
				D7137811255D31C900E68C41 /* buffersink.h */,
				D7137812255D31C900E68C41 /* avfilter.h */,
			);
			path = libavfilter;
			sourceTree = "<group>";
		};
		D7137813255D31C900E68C41 /* libavutil */ = {
			isa = PBXGroup;
			children = (
				D7137814255D31C900E68C41 /* hwcontext.h */,
				D7137815255D31C900E68C41 /* time.h */,
				D7137816255D31C900E68C41 /* hwcontext_cuda.h */,
				D7137817255D31C900E68C41 /* intfloat.h */,
				D7137818255D31C900E68C41 /* error.h */,
				D7137819255D31C900E68C41 /* fifo.h */,
				D713781A255D31C900E68C41 /* blowfish.h */,
				D713781B255D31C900E68C41 /* hwcontext_mediacodec.h */,
				D713781C255D31C900E68C41 /* replaygain.h */,
				D713781D255D31C900E68C41 /* version.h */,
				D713781E255D31C900E68C41 /* murmur3.h */,
				D713781F255D31C900E68C41 /* stereo3d.h */,
				D7137820255D31C900E68C41 /* samplefmt.h */,
				D7137821255D31C900E68C41 /* pixdesc.h */,
				D7137822255D31C900E68C41 /* base64.h */,
				D7137823255D31C900E68C41 /* rational.h */,
				D7137824255D31C900E68C41 /* sha.h */,
				D7137825255D31C900E68C41 /* motion_vector.h */,
				D7137826255D31C900E68C41 /* avconfig.h */,
				D7137827255D31C900E68C41 /* lfg.h */,
				D7137828255D31C900E68C41 /* avutil.h */,
				D7137829255D31C900E68C41 /* xtea.h */,
				D713782A255D31C900E68C41 /* crc.h */,
				D713782B255D31C900E68C41 /* hwcontext_vdpau.h */,
				D713782C255D31C900E68C41 /* frame.h */,
				D713782D255D31C900E68C41 /* file.h */,
				D713782E255D31C900E68C41 /* md5.h */,
				D713782F255D31C900E68C41 /* cast5.h */,
				D7137830255D31C900E68C41 /* hwcontext_vaapi.h */,
				D7137831255D31C900E68C41 /* spherical.h */,
				D7137832255D31C900E68C41 /* ffversion.h */,
				D7137833255D31C900E68C41 /* audio_fifo.h */,
				D7137834255D31C900E68C41 /* tree.h */,
				D7137835255D31C900E68C41 /* threadmessage.h */,
				D7137836255D31C900E68C41 /* attributes.h */,
				D7137837255D31C900E68C41 /* adler32.h */,
				D7137838255D31C900E68C41 /* hwcontext_d3d11va.h */,
				D7137839255D31C900E68C41 /* timecode.h */,
				D713783A255D31C900E68C41 /* tx.h */,
				D713783B255D31C900E68C41 /* sha512.h */,
				D713783C255D31C900E68C41 /* hwcontext_dxva2.h */,
				D713783D255D31C900E68C41 /* display.h */,
				D713783E255D31C900E68C41 /* buffer.h */,
				D713783F255D31C900E68C41 /* camellia.h */,
				D7137840255D31C900E68C41 /* pixelutils.h */,
				D7137841255D31C900E68C41 /* hwcontext_drm.h */,
				D7137842255D31C900E68C41 /* common.h */,
				D7137843255D31C900E68C41 /* hmac.h */,
				D7137844255D31C900E68C41 /* eval.h */,
				D7137845255D31C900E68C41 /* dict.h */,
				D7137846255D31C900E68C41 /* random_seed.h */,
				D7137847255D31C900E68C41 /* opt.h */,
				D7137848255D31C900E68C41 /* mastering_display_metadata.h */,
				D7137849255D31C900E68C41 /* log.h */,
				D713784A255D31C900E68C41 /* aes.h */,
				D713784B255D31C900E68C41 /* macros.h */,
				D713784C255D31C900E68C41 /* bswap.h */,
				D713784D255D31C900E68C41 /* rc4.h */,
				D713784E255D31C900E68C41 /* tea.h */,
				D713784F255D31C900E68C41 /* cpu.h */,
				D7137850255D31C900E68C41 /* lzo.h */,
				D7137851255D31C900E68C41 /* des.h */,
				D7137852255D31C900E68C41 /* channel_layout.h */,
				D7137853255D31C900E68C41 /* encryption_info.h */,
				D7137854255D31C900E68C41 /* twofish.h */,
				D7137855255D31C900E68C41 /* imgutils.h */,
				D7137856255D31C900E68C41 /* hwcontext_videotoolbox.h */,
				D7137857255D31C900E68C41 /* mem.h */,
				D7137858255D31C900E68C41 /* parseutils.h */,
				D7137859255D31C900E68C41 /* ripemd.h */,
				D713785A255D31C900E68C41 /* bprint.h */,
				D713785B255D31C900E68C41 /* hdr_dynamic_metadata.h */,
				D713785C255D31C900E68C41 /* hwcontext_qsv.h */,
				D713785D255D31C900E68C41 /* pixfmt.h */,
				D713785E255D31C900E68C41 /* aes_ctr.h */,
				D713785F255D31C900E68C41 /* timestamp.h */,
				D7137860255D31C900E68C41 /* downmix_info.h */,
				D7137861255D31C900E68C41 /* avassert.h */,
				D7137862255D31C900E68C41 /* hash.h */,
				D7137863255D31C900E68C41 /* mathematics.h */,
				D7137864255D31C900E68C41 /* intreadwrite.h */,
				D7137865255D31C900E68C41 /* avstring.h */,
			);
			path = libavutil;
			sourceTree = "<group>";
		};
		D7137866255D31C900E68C41 /* libavdevice */ = {
			isa = PBXGroup;
			children = (
				D7137867255D31C900E68C41 /* version.h */,
				D7137868255D31C900E68C41 /* avdevice.h */,
			);
			path = libavdevice;
			sourceTree = "<group>";
		};
		D7137869255D31C900E68C41 /* libavformat */ = {
			isa = PBXGroup;
			children = (
				D713786A255D31C900E68C41 /* version.h */,
				D713786B255D31C900E68C41 /* avio.h */,
				D713786C255D31C900E68C41 /* avformat.h */,
			);
			path = libavformat;
			sourceTree = "<group>";
		};
		D713786D255D31C900E68C41 /* libswscale */ = {
			isa = PBXGroup;
			children = (
				D713786E255D31C900E68C41 /* version.h */,
				D713786F255D31C900E68C41 /* swscale.h */,
			);
			path = libswscale;
			sourceTree = "<group>";
		};
		D7137870255D31C900E68C41 /* libavcodec */ = {
			isa = PBXGroup;
			children = (
				D7137871255D31C900E68C41 /* adts_parser.h */,
				D7137872255D31C900E68C41 /* avcodec.h */,
				D7137873255D31C900E68C41 /* version.h */,
				D7137874255D31C900E68C41 /* vdpau.h */,
				D7137875255D31C900E68C41 /* qsv.h */,
				D7137876255D31C900E68C41 /* vaapi.h */,
				D7137877255D31C900E68C41 /* videotoolbox.h */,
				D7137878255D31C900E68C41 /* xvmc.h */,
				D7137879255D31C900E68C41 /* mediacodec.h */,
				D713787A255D31C900E68C41 /* d3d11va.h */,
				D713787B255D31C900E68C41 /* avfft.h */,
				D713787C255D31C900E68C41 /* jni.h */,
				D713787D255D31C900E68C41 /* dirac.h */,
				D713787E255D31C900E68C41 /* avdct.h */,
				D713787F255D31C900E68C41 /* ac3_parser.h */,
				D7137880255D31C900E68C41 /* vorbis_parser.h */,
				D7137881255D31C900E68C41 /* dxva2.h */,
				D7137882255D31C900E68C41 /* dv_profile.h */,
			);
			path = libavcodec;
			sourceTree = "<group>";
		};
		D7137883255D31C900E68C41 /* libswresample */ = {
			isa = PBXGroup;
			children = (
				D7137884255D31C900E68C41 /* version.h */,
				D7137885255D31C900E68C41 /* swresample.h */,
			);
			path = libswresample;
			sourceTree = "<group>";
		};
		D7137886255D31C900E68C41 /* lib */ = {
			isa = PBXGroup;
			children = (
				D7137887255D31C900E68C41 /* libavutil.a */,
				D7137888255D31C900E68C41 /* libavfilter.a */,
				D7137889255D31C900E68C41 /* libavcodec.a */,
				D713788A255D31C900E68C41 /* libavformat.a */,
				D713788B255D31C900E68C41 /* libavdevice.a */,
				D713788C255D31C900E68C41 /* libswresample.a */,
				D713788D255D31C900E68C41 /* libswscale.a */,
			);
			path = lib;
			sourceTree = "<group>";
		};
/* End PBXGroup section */

/* Begin PBXNativeTarget section */
		843CE152240989AF00898806 /* AudioConverter */ = {
			isa = PBXNativeTarget;
			buildConfigurationList = 843CE16C240989B400898806 /* Build configuration list for PBXNativeTarget "AudioConverter" */;
			buildPhases = (
				843CE14F240989AF00898806 /* Sources */,
				843CE150240989AF00898806 /* Frameworks */,
				843CE151240989AF00898806 /* Resources */,
			);
			buildRules = (
			);
			dependencies = (
			);
			name = AudioConverter;
			productName = AudioConverter;
			productReference = 843CE153240989AF00898806 /* AudioConverter.app */;
			productType = "com.apple.product-type.application";
		};
/* End PBXNativeTarget section */

/* Begin PBXProject section */
		843CE14B240989AF00898806 /* Project object */ = {
			isa = PBXProject;
			attributes = {
				LastUpgradeCheck = 1130;
				ORGANIZATIONNAME = Fabulous;
				TargetAttributes = {
					843CE152240989AF00898806 = {
						CreatedOnToolsVersion = 11.3.1;
					};
				};
			};
			buildConfigurationList = 843CE14E240989AF00898806 /* Build configuration list for PBXProject "AudioConverter" */;
			compatibilityVersion = "Xcode 9.3";
			developmentRegion = en;
			hasScannedForEncodings = 0;
			knownRegions = (
				en,
				Base,
			);
			mainGroup = 843CE14A240989AF00898806;
			productRefGroup = 843CE154240989AF00898806 /* Products */;
			projectDirPath = "";
			projectRoot = "";
			targets = (
				843CE152240989AF00898806 /* AudioConverter */,
			);
		};
/* End PBXProject section */

/* Begin PBXResourcesBuildPhase section */
		843CE151240989AF00898806 /* Resources */ = {
			isa = PBXResourcesBuildPhase;
			buildActionMask = 2147483647;
			files = (
				843CE2AF240D0CF900898806 /* video.mov in Resources */,
				843CE166240989B400898806 /* LaunchScreen.storyboard in Resources */,
				843CE163240989B400898806 /* Assets.xcassets in Resources */,
				843CE161240989AF00898806 /* Main.storyboard in Resources */,
			);
			runOnlyForDeploymentPostprocessing = 0;
		};
/* End PBXResourcesBuildPhase section */

/* Begin PBXSourcesBuildPhase section */
		843CE14F240989AF00898806 /* Sources */ = {
			isa = PBXSourcesBuildPhase;
			buildActionMask = 2147483647;
			files = (
				843CE15E240989AF00898806 /* ViewController.m in Sources */,
				843CE158240989AF00898806 /* AppDelegate.m in Sources */,
				843CE169240989B400898806 /* main.m in Sources */,
				843CE15B240989AF00898806 /* SceneDelegate.m in Sources */,
			);
			runOnlyForDeploymentPostprocessing = 0;
		};
/* End PBXSourcesBuildPhase section */

/* Begin PBXVariantGroup section */
		843CE15F240989AF00898806 /* Main.storyboard */ = {
			isa = PBXVariantGroup;
			children = (
				843CE160240989AF00898806 /* Base */,
			);
			name = Main.storyboard;
			sourceTree = "<group>";
		};
		843CE164240989B400898806 /* LaunchScreen.storyboard */ = {
			isa = PBXVariantGroup;
			children = (
				843CE165240989B400898806 /* Base */,
			);
			name = LaunchScreen.storyboard;
			sourceTree = "<group>";
		};
/* End PBXVariantGroup section */

/* Begin XCBuildConfiguration section */
		843CE16A240989B400898806 /* Debug */ = {
			isa = XCBuildConfiguration;
			buildSettings = {
				ALWAYS_SEARCH_USER_PATHS = NO;
				CLANG_ANALYZER_NONNULL = YES;
				CLANG_ANALYZER_NUMBER_OBJECT_CONVERSION = YES_AGGRESSIVE;
				CLANG_CXX_LANGUAGE_STANDARD = "gnu++14";
				CLANG_CXX_LIBRARY = "libc++";
				CLANG_ENABLE_MODULES = YES;
				CLANG_ENABLE_OBJC_ARC = YES;
				CLANG_ENABLE_OBJC_WEAK = YES;
				CLANG_WARN_BLOCK_CAPTURE_AUTORELEASING = YES;
				CLANG_WARN_BOOL_CONVERSION = YES;
				CLANG_WARN_COMMA = YES;
				CLANG_WARN_CONSTANT_CONVERSION = YES;
				CLANG_WARN_DEPRECATED_OBJC_IMPLEMENTATIONS = YES;
				CLANG_WARN_DIRECT_OBJC_ISA_USAGE = YES_ERROR;
				CLANG_WARN_DOCUMENTATION_COMMENTS = YES;
				CLANG_WARN_EMPTY_BODY = YES;
				CLANG_WARN_ENUM_CONVERSION = YES;
				CLANG_WARN_INFINITE_RECURSION = YES;
				CLANG_WARN_INT_CONVERSION = YES;
				CLANG_WARN_NON_LITERAL_NULL_CONVERSION = YES;
				CLANG_WARN_OBJC_IMPLICIT_RETAIN_SELF = YES;
				CLANG_WARN_OBJC_LITERAL_CONVERSION = YES;
				CLANG_WARN_OBJC_ROOT_CLASS = YES_ERROR;
				CLANG_WARN_RANGE_LOOP_ANALYSIS = YES;
				CLANG_WARN_STRICT_PROTOTYPES = YES;
				CLANG_WARN_SUSPICIOUS_MOVE = YES;
				CLANG_WARN_UNGUARDED_AVAILABILITY = YES_AGGRESSIVE;
				CLANG_WARN_UNREACHABLE_CODE = YES;
				CLANG_WARN__DUPLICATE_METHOD_MATCH = YES;
				COPY_PHASE_STRIP = NO;
				DEBUG_INFORMATION_FORMAT = dwarf;
				ENABLE_STRICT_OBJC_MSGSEND = YES;
				ENABLE_TESTABILITY = YES;
				GCC_C_LANGUAGE_STANDARD = gnu11;
				GCC_DYNAMIC_NO_PIC = NO;
				GCC_NO_COMMON_BLOCKS = YES;
				GCC_OPTIMIZATION_LEVEL = 0;
				GCC_PREPROCESSOR_DEFINITIONS = (
					"DEBUG=1",
					"$(inherited)",
				);
				GCC_WARN_64_TO_32_BIT_CONVERSION = YES;
				GCC_WARN_ABOUT_RETURN_TYPE = YES_ERROR;
				GCC_WARN_UNDECLARED_SELECTOR = YES;
				GCC_WARN_UNINITIALIZED_AUTOS = YES_AGGRESSIVE;
				GCC_WARN_UNUSED_FUNCTION = YES;
				GCC_WARN_UNUSED_VARIABLE = YES;
				IPHONEOS_DEPLOYMENT_TARGET = 13.2;
				MTL_ENABLE_DEBUG_INFO = INCLUDE_SOURCE;
				MTL_FAST_MATH = YES;
				ONLY_ACTIVE_ARCH = YES;
				SDKROOT = iphoneos;
			};
			name = Debug;
		};
		843CE16B240989B400898806 /* Release */ = {
			isa = XCBuildConfiguration;
			buildSettings = {
				ALWAYS_SEARCH_USER_PATHS = NO;
				CLANG_ANALYZER_NONNULL = YES;
				CLANG_ANALYZER_NUMBER_OBJECT_CONVERSION = YES_AGGRESSIVE;
				CLANG_CXX_LANGUAGE_STANDARD = "gnu++14";
				CLANG_CXX_LIBRARY = "libc++";
				CLANG_ENABLE_MODULES = YES;
				CLANG_ENABLE_OBJC_ARC = YES;
				CLANG_ENABLE_OBJC_WEAK = YES;
				CLANG_WARN_BLOCK_CAPTURE_AUTORELEASING = YES;
				CLANG_WARN_BOOL_CONVERSION = YES;
				CLANG_WARN_COMMA = YES;
				CLANG_WARN_CONSTANT_CONVERSION = YES;
				CLANG_WARN_DEPRECATED_OBJC_IMPLEMENTATIONS = YES;
				CLANG_WARN_DIRECT_OBJC_ISA_USAGE = YES_ERROR;
				CLANG_WARN_DOCUMENTATION_COMMENTS = YES;
				CLANG_WARN_EMPTY_BODY = YES;
				CLANG_WARN_ENUM_CONVERSION = YES;
				CLANG_WARN_INFINITE_RECURSION = YES;
				CLANG_WARN_INT_CONVERSION = YES;
				CLANG_WARN_NON_LITERAL_NULL_CONVERSION = YES;
				CLANG_WARN_OBJC_IMPLICIT_RETAIN_SELF = YES;
				CLANG_WARN_OBJC_LITERAL_CONVERSION = YES;
				CLANG_WARN_OBJC_ROOT_CLASS = YES_ERROR;
				CLANG_WARN_RANGE_LOOP_ANALYSIS = YES;
				CLANG_WARN_STRICT_PROTOTYPES = YES;
				CLANG_WARN_SUSPICIOUS_MOVE = YES;
				CLANG_WARN_UNGUARDED_AVAILABILITY = YES_AGGRESSIVE;
				CLANG_WARN_UNREACHABLE_CODE = YES;
				CLANG_WARN__DUPLICATE_METHOD_MATCH = YES;
				COPY_PHASE_STRIP = NO;
				DEBUG_INFORMATION_FORMAT = "dwarf-with-dsym";
				ENABLE_NS_ASSERTIONS = NO;
				ENABLE_STRICT_OBJC_MSGSEND = YES;
				GCC_C_LANGUAGE_STANDARD = gnu11;
				GCC_NO_COMMON_BLOCKS = YES;
				GCC_WARN_64_TO_32_BIT_CONVERSION = YES;
				GCC_WARN_ABOUT_RETURN_TYPE = YES_ERROR;
				GCC_WARN_UNDECLARED_SELECTOR = YES;
				GCC_WARN_UNINITIALIZED_AUTOS = YES_AGGRESSIVE;
				GCC_WARN_UNUSED_FUNCTION = YES;
				GCC_WARN_UNUSED_VARIABLE = YES;
				IPHONEOS_DEPLOYMENT_TARGET = 13.2;
				MTL_ENABLE_DEBUG_INFO = NO;
				MTL_FAST_MATH = YES;
				SDKROOT = iphoneos;
				VALIDATE_PRODUCT = YES;
			};
			name = Release;
		};
		843CE16D240989B400898806 /* Debug */ = {
			isa = XCBuildConfiguration;
			buildSettings = {
				ASSETCATALOG_COMPILER_APPICON_NAME = AppIcon;
				CODE_SIGN_STYLE = Automatic;
				INFOPLIST_FILE = AudioConverter/Info.plist;
				LD_RUNPATH_SEARCH_PATHS = (
					"$(inherited)",
					"@executable_path/Frameworks",
				);
				LIBRARY_SEARCH_PATHS = (
					"$(inherited)",
					"$(PROJECT_DIR)/AudioConverter/FFmpeg-iOS/lib",
				);
				PRODUCT_BUNDLE_IDENTIFIER = com.gxy.AudioConverter;
				PRODUCT_NAME = "$(TARGET_NAME)";
				TARGETED_DEVICE_FAMILY = "1,2";
				USER_HEADER_SEARCH_PATHS = "$(PROJECT_DIR)/AudioConverter/FFmpeg-iOS/include";
			};
			name = Debug;
		};
		843CE16E240989B400898806 /* Release */ = {
			isa = XCBuildConfiguration;
			buildSettings = {
				ASSETCATALOG_COMPILER_APPICON_NAME = AppIcon;
				CODE_SIGN_STYLE = Automatic;
				INFOPLIST_FILE = AudioConverter/Info.plist;
				LD_RUNPATH_SEARCH_PATHS = (
					"$(inherited)",
					"@executable_path/Frameworks",
				);
				LIBRARY_SEARCH_PATHS = (
					"$(inherited)",
					"$(PROJECT_DIR)/AudioConverter/FFmpeg-iOS/lib",
				);
				PRODUCT_BUNDLE_IDENTIFIER = com.gxy.AudioConverter;
				PRODUCT_NAME = "$(TARGET_NAME)";
				TARGETED_DEVICE_FAMILY = "1,2";
				USER_HEADER_SEARCH_PATHS = "$(PROJECT_DIR)/AudioConverter/FFmpeg-iOS/include";
			};
			name = Release;
		};
/* End XCBuildConfiguration section */

/* Begin XCConfigurationList section */
		843CE14E240989AF00898806 /* Build configuration list for PBXProject "AudioConverter" */ = {
			isa = XCConfigurationList;
			buildConfigurations = (
				843CE16A240989B400898806 /* Debug */,
				843CE16B240989B400898806 /* Release */,
			);
			defaultConfigurationIsVisible = 0;
			defaultConfigurationName = Release;
		};
		843CE16C240989B400898806 /* Build configuration list for PBXNativeTarget "AudioConverter" */ = {
			isa = XCConfigurationList;
			buildConfigurations = (
				843CE16D240989B400898806 /* Debug */,
				843CE16E240989B400898806 /* Release */,
			);
			defaultConfigurationIsVisible = 0;
			defaultConfigurationName = Release;
		};
/* End XCConfigurationList section */
	};
	rootObject = 843CE14B240989AF00898806 /* Project object */;
}
